github.com/go-logr/logr v0.1.0/go.mod h1:ixOQHD9gLJUVQQ2ZOR7zLEifBX6tGkNJF4QyIY7sIas=
github.com/go-logr/logr v0.2.0 h1:QvGt2nLcHH0WK9orKa+ppBPAxREcH364nPUedEpK0TY=
github.com/go-logr/logr v0.2.0/go.mod h1:z6/tIYblkpsD+a4lm/fGIIU9mZ+XfAiaFtq7xTgseGU=
k8s.io/klog v1.0.0 h1:Pt+yjF5aB1xDSVbau4VsWe+dQNzA0qv1LlXdC2dF6Q8=
k8s.io/klog v1.0.0/go.mod h1:4Bi6QPql/J/LkTDqv7R/cd3hPo4k2DG6Ptcz060Ez5I=
k8s.io/klog/v2 v2.3.0/go.mod h1:Od+F08eJP+W3HUb4pSrPpgp9DGU4GzlpG/TmITuYh/Y=
k8s.io/klog/v2 v2.4.0 h1:7+X0fUguPyrKEC4WjH8iGDg3laWgMo5tMnRTIGTTxGQ=
k8s.io/klog/v2 v2.4.0/go.mod h1:Od+F08eJP+W3HUb4pSrPpgp9DGU4GzlpG/TmITuYh/Y=
